
Microsoft Visual Studio Solution File, Format Version 12.00
# Visual Studio Version 17
VisualStudioVersion = 17.0.31903.59
MinimumVisualStudioVersion = 10.0.40219.1
Project("{FAE04EC0-301F-11D3-BF4B-00C04F79EFBC}") = "CodingKata.BankAccount", "CodingKata.BankAccount\CodingKata.BankAccount.csproj", "{1F82B643-75F8-4B4B-9A30-0E5F41FC0531}"
EndProject
Project("{FAE04EC0-301F-11D3-BF4B-00C04F79EFBC}") = "CodingKata.BankAccount.Console", "CodingKata.BankAccount.Console\CodingKata.BankAccount.Console.csproj", "{AD5852B6-5C29-4C61-BAD6-1DA04245F886}"
EndProject
Project("{FAE04EC0-301F-11D3-BF4B-00C04F79EFBC}") = "CodingKata.BankAccount.Tests", "CodingKata.BankAccount.Tests\CodingKata.BankAccount.Tests.csproj", "{EB6EFBC8-DF48-484E-B489-D40CA9F5F200}"
EndProject
Global
	GlobalSection(SolutionConfigurationPlatforms) = preSolution
		Debug|Any CPU = Debug|Any CPU
		Release|Any CPU = Release|Any CPU
	EndGlobalSection
	GlobalSection(SolutionProperties) = preSolution
		HideSolutionNode = FALSE
	EndGlobalSection
	GlobalSection(ProjectConfigurationPlatforms) = postSolution
		{1F82B643-75F8-4B4B-9A30-0E5F41FC0531}.Debug|Any CPU.ActiveCfg = Debug|Any CPU
		{1F82B643-75F8-4B4B-9A30-0E5F41FC0531}.Debug|Any CPU.Build.0 = Debug|Any CPU
		{1F82B643-75F8-4B4B-9A30-0E5F41FC0531}.Release|Any CPU.ActiveCfg = Release|Any CPU
		{1F82B643-75F8-4B4B-9A30-0E5F41FC0531}.Release|Any CPU.Build.0 = Release|Any CPU
		{AD5852B6-5C29-4C61-BAD6-1DA04245F886}.Debug|Any CPU.ActiveCfg = Debug|Any CPU
		{AD5852B6-5C29-4C61-BAD6-1DA04245F886}.Debug|Any CPU.Build.0 = Debug|Any CPU
		{AD5852B6-5C29-4C61-BAD6-1DA04245F886}.Release|Any CPU.ActiveCfg = Release|Any CPU
		{AD5852B6-5C29-4C61-BAD6-1DA04245F886}.Release|Any CPU.Build.0 = Release|Any CPU
		{EB6EFBC8-DF48-484E-B489-D40CA9F5F200}.Debug|Any CPU.ActiveCfg = Debug|Any CPU
		{EB6EFBC8-DF48-484E-B489-D40CA9F5F200}.Debug|Any CPU.Build.0 = Debug|Any CPU
		{EB6EFBC8-DF48-484E-B489-D40CA9F5F200}.Release|Any CPU.ActiveCfg = Release|Any CPU
		{EB6EFBC8-DF48-484E-B489-D40CA9F5F200}.Release|Any CPU.Build.0 = Release|Any CPU
	EndGlobalSection
EndGlobal
